# This file is automatically @generated by Poetry 1.8.4 and should not be changed by hand.

[[package]]
name = "asgiref"
version = "3.8.1"
description = "ASGI specs, helper code, and adapters"
optional = false
python-versions = ">=3.8"
files = [
    {file = "asgiref-3.8.1-py3-none-any.whl", hash = "sha256:3e1e3ecc849832fe52ccf2cb6686b7a55f82bb1d6aee72a58826471390335e47"},
    {file = "asgiref-3.8.1.tar.gz", hash = "sha256:c343bd80a0bec947a9860adb4c432ffa7db769836c64238fc34bdc3fec84d590"},
]

[package.extras]
tests = ["mypy (>=0.800)", "pytest", "pytest-asyncio"]

[[package]]
name = "boto3"
version = "1.35.44"
description = "The AWS SDK for Python"
optional = false
python-versions = ">=3.8"
files = [
    {file = "boto3-1.35.44-py3-none-any.whl", hash = "sha256:18416d07b41e6094101a44f8b881047dcec6b846dad0b9f83b9bbf2f0cd93d07"},
    {file = "boto3-1.35.44.tar.gz", hash = "sha256:7f8e8a252458d584d8cf7877c372c4f74ec103356eedf43d2dd9e479f47f3639"},
]

[package.dependencies]
botocore = ">=1.35.44,<1.36.0"
jmespath = ">=0.7.1,<2.0.0"
s3transfer = ">=0.10.0,<0.11.0"

[package.extras]
crt = ["botocore[crt] (>=1.21.0,<2.0a0)"]

[[package]]
name = "botocore"
version = "1.35.44"
description = "Low-level, data-driven core of boto 3."
optional = false
python-versions = ">=3.8"
files = [
    {file = "botocore-1.35.44-py3-none-any.whl", hash = "sha256:55388e80624401d017a9a2b8109afd94814f7e666b53e28fce51375cfa8d9326"},
    {file = "botocore-1.35.44.tar.gz", hash = "sha256:1fcd97b966ad8a88de4106fe1bd3bbd6d8dadabe99bbd4a6aadcf11cb6c66b39"},
]

[package.dependencies]
jmespath = ">=0.7.1,<2.0.0"
python-dateutil = ">=2.1,<3.0.0"
urllib3 = {version = ">=1.25.4,<2.2.0 || >2.2.0,<3", markers = "python_version >= \"3.10\""}

[package.extras]
crt = ["awscrt (==0.22.0)"]

[[package]]
name = "django"
version = "5.1.2"
description = "A high-level Python web framework that encourages rapid development and clean, pragmatic design."
optional = false
python-versions = ">=3.10"
files = [
    {file = "Django-5.1.2-py3-none-any.whl", hash = "sha256:f11aa87ad8d5617171e3f77e1d5d16f004b79a2cf5d2e1d2b97a6a1f8e9ba5ed"},
    {file = "Django-5.1.2.tar.gz", hash = "sha256:bd7376f90c99f96b643722eee676498706c9fd7dc759f55ebfaf2c08ebcdf4f0"},
]

[package.dependencies]
asgiref = ">=3.8.1,<4"
sqlparse = ">=0.3.1"
tzdata = {version = "*", markers = "sys_platform == \"win32\""}

[package.extras]
argon2 = ["argon2-cffi (>=19.1.0)"]
bcrypt = ["bcrypt"]

[[package]]
name = "django-cors-headers"
version = "4.5.0"
description = "django-cors-headers is a Django application for handling the server headers required for Cross-Origin Resource Sharing (CORS)."
optional = false
python-versions = ">=3.9"
files = [
    {file = "django_cors_headers-4.5.0-py3-none-any.whl", hash = "sha256:28c1ded847aa70208798de3e42422a782f427b8b720e8d7319d34b654b5978e6"},
    {file = "django_cors_headers-4.5.0.tar.gz", hash = "sha256:6c01a85cf1ec779a7bde621db853aa3ce5c065a5ba8e27df7a9f9e8dac310f4f"},
]

[package.dependencies]
asgiref = ">=3.6"
django = ">=3.2"

[[package]]
name = "django-graphql-jwt"
version = "0.4.0"
description = "JSON Web Token for Django GraphQL."
optional = false
python-versions = ">=3.6"
files = [
    {file = "django_graphql_jwt-0.4.0-py3-none-any.whl", hash = "sha256:5823aa8ac9bf0b7a6e3b2febd029598b332c41fe9043d89900c116fcecd23f5e"},
    {file = "django_graphql_jwt-0.4.0.tar.gz", hash = "sha256:537972519f0deeec7a0e4a306ddfed1fe385266ef61c9f78c54cd04ac01a171e"},
]

[package.dependencies]
django = ">=2.0"
graphene = ">=2.1.5"
graphene-django = ">=2.0.0"
pyjwt = ">=2,<3"

[package.extras]
doc = ["sphinx"]
test = ["black", "codecov", "cryptography", "flake8", "isort", "pytest", "pytest-cov", "pytest-django"]

[[package]]
name = "graphene"
version = "3.4"
description = "GraphQL Framework for Python"
optional = false
python-versions = "*"
files = [
    {file = "graphene-3.4-py2.py3-none-any.whl", hash = "sha256:28bf359b802cdb808130a5521135d4c88a262564598cfdc91628d2c172b99dce"},
    {file = "graphene-3.4.tar.gz", hash = "sha256:65e5ec84c5b7fb4fc41518acfbafb62ebb393d3982fbba00cd5393e431a80b97"},
]

[package.dependencies]
graphql-core = ">=3.1,<3.3"
graphql-relay = ">=3.1,<3.3"
typing-extensions = ">=4.7.1,<5"

[package.extras]
dev = ["coveralls (>=3.3,<5)", "pytest (>=8,<9)", "pytest-asyncio (>=0.16,<2)", "pytest-benchmark (>=4,<5)", "pytest-cov (>=5,<6)", "pytest-mock (>=3,<4)", "ruff (==0.5.0)"]
test = ["coveralls (>=3.3,<5)", "pytest (>=8,<9)", "pytest-asyncio (>=0.16,<2)", "pytest-benchmark (>=4,<5)", "pytest-cov (>=5,<6)", "pytest-mock (>=3,<4)"]

[[package]]
name = "graphene-django"
version = "3.2.2"
description = "Graphene Django integration"
optional = false
python-versions = "*"
files = [
    {file = "graphene-django-3.2.2.tar.gz", hash = "sha256:059ccf25d9a5159f28d7ebf1a648c993ab34deb064e80b70ca096aa22a609556"},
    {file = "graphene_django-3.2.2-py2.py3-none-any.whl", hash = "sha256:0fd95c8c1cbe77ae2a5940045ce276803c3acbf200a156731e0c730f2776ae2c"},
]

[package.dependencies]
Django = ">=3.2"
graphene = ">=3.0,<4"
graphql-core = ">=3.1.0,<4"
graphql-relay = ">=3.1.1,<4"
promise = ">=2.1"
text-unidecode = "*"

[package.extras]
dev = ["coveralls", "django-filter (>=22.1)", "djangorestframework (>=3.6.3)", "mock", "pre-commit", "pytest (>=7.3.1)", "pytest-cov", "pytest-django (>=4.5.2)", "pytest-random-order", "pytz", "ruff (==0.1.2)"]
rest-framework = ["djangorestframework (>=3.6.3)"]
test = ["coveralls", "django-filter (>=22.1)", "djangorestframework (>=3.6.3)", "mock", "pytest (>=7.3.1)", "pytest-cov", "pytest-django (>=4.5.2)", "pytest-random-order", "pytz"]

[[package]]
name = "graphql-core"
version = "3.2.5"
description = "GraphQL implementation for Python, a port of GraphQL.js, the JavaScript reference implementation for GraphQL."
optional = false
python-versions = "<4,>=3.6"
files = [
    {file = "graphql_core-3.2.5-py3-none-any.whl", hash = "sha256:2f150d5096448aa4f8ab26268567bbfeef823769893b39c1a2e1409590939c8a"},
    {file = "graphql_core-3.2.5.tar.gz", hash = "sha256:e671b90ed653c808715645e3998b7ab67d382d55467b7e2978549111bbabf8d5"},
]

[[package]]
name = "graphql-relay"
version = "3.2.0"
description = "Relay library for graphql-core"
optional = false
python-versions = ">=3.6,<4"
files = [
    {file = "graphql-relay-3.2.0.tar.gz", hash = "sha256:1ff1c51298356e481a0be009ccdff249832ce53f30559c1338f22a0e0d17250c"},
    {file = "graphql_relay-3.2.0-py3-none-any.whl", hash = "sha256:c9b22bd28b170ba1fe674c74384a8ff30a76c8e26f88ac3aa1584dd3179953e5"},
]

[package.dependencies]
graphql-core = ">=3.2,<3.3"

[[package]]
name = "jmespath"
version = "1.0.1"
description = "JSON Matching Expressions"
optional = false
python-versions = ">=3.7"
files = [
    {file = "jmespath-1.0.1-py3-none-any.whl", hash = "sha256:02e2e4cc71b5bcab88332eebf907519190dd9e6e82107fa7f83b1003a6252980"},
    {file = "jmespath-1.0.1.tar.gz", hash = "sha256:90261b206d6defd58fdd5e85f478bf633a2901798906be2ad389150c5c60edbe"},
]

[[package]]
name = "promise"
version = "2.3"
description = "Promises/A+ implementation for Python"
optional = false
python-versions = "*"
files = [
    {file = "promise-2.3.tar.gz", hash = "sha256:dfd18337c523ba4b6a58801c164c1904a9d4d1b1747c7d5dbf45b693a49d93d0"},
]

[package.dependencies]
six = "*"

[package.extras]
test = ["coveralls", "futures", "mock", "pytest (>=2.7.3)", "pytest-benchmark", "pytest-cov"]

[[package]]
name = "psycopg2"
version = "2.9.10"
description = "psycopg2 - Python-PostgreSQL Database Adapter"
optional = false
python-versions = ">=3.8"
files = [
    {file = "psycopg2-2.9.10-cp310-cp310-win32.whl", hash = "sha256:5df2b672140f95adb453af93a7d669d7a7bf0a56bcd26f1502329166f4a61716"},
    {file = "psycopg2-2.9.10-cp310-cp310-win_amd64.whl", hash = "sha256:c6f7b8561225f9e711a9c47087388a97fdc948211c10a4bccbf0ba68ab7b3b5a"},
    {file = "psycopg2-2.9.10-cp311-cp311-win32.whl", hash = "sha256:47c4f9875125344f4c2b870e41b6aad585901318068acd01de93f3677a6522c2"},
    {file = "psycopg2-2.9.10-cp311-cp311-win_amd64.whl", hash = "sha256:0435034157049f6846e95103bd8f5a668788dd913a7c30162ca9503fdf542cb4"},
    {file = "psycopg2-2.9.10-cp312-cp312-win32.whl", hash = "sha256:65a63d7ab0e067e2cdb3cf266de39663203d38d6a8ed97f5ca0cb315c73fe067"},
    {file = "psycopg2-2.9.10-cp312-cp312-win_amd64.whl", hash = "sha256:4a579d6243da40a7b3182e0430493dbd55950c493d8c68f4eec0b302f6bbf20e"},
    {file = "psycopg2-2.9.10-cp39-cp39-win32.whl", hash = "sha256:9d5b3b94b79a844a986d029eee38998232451119ad653aea42bb9220a8c5066b"},
    {file = "psycopg2-2.9.10-cp39-cp39-win_amd64.whl", hash = "sha256:88138c8dedcbfa96408023ea2b0c369eda40fe5d75002c0964c78f46f11fa442"},
    {file = "psycopg2-2.9.10.tar.gz", hash = "sha256:12ec0b40b0273f95296233e8750441339298e6a572f7039da5b260e3c8b60e11"},
]

[[package]]
name = "pyjwt"
version = "2.9.0"
description = "JSON Web Token implementation in Python"
optional = false
python-versions = ">=3.8"
files = [
    {file = "PyJWT-2.9.0-py3-none-any.whl", hash = "sha256:3b02fb0f44517787776cf48f2ae25d8e14f300e6d7545a4315cee571a415e850"},
    {file = "pyjwt-2.9.0.tar.gz", hash = "sha256:7e1e5b56cc735432a7369cbfa0efe50fa113ebecdc04ae6922deba8b84582d0c"},
]

[package.extras]
crypto = ["cryptography (>=3.4.0)"]
dev = ["coverage[toml] (==5.0.4)", "cryptography (>=3.4.0)", "pre-commit", "pytest (>=6.0.0,<7.0.0)", "sphinx", "sphinx-rtd-theme", "zope.interface"]
docs = ["sphinx", "sphinx-rtd-theme", "zope.interface"]
tests = ["coverage[toml] (==5.0.4)", "pytest (>=6.0.0,<7.0.0)"]

[[package]]
name = "python-dateutil"
version = "2.9.0.post0"
description = "Extensions to the standard Python datetime module"
optional = false
python-versions = "!=3.0.*,!=3.1.*,!=3.2.*,>=2.7"
files = [
    {file = "python-dateutil-2.9.0.post0.tar.gz", hash = "sha256:37dd54208da7e1cd875388217d5e00ebd4179249f90fb72437e91a35459a0ad3"},
    {file = "python_dateutil-2.9.0.post0-py2.py3-none-any.whl", hash = "sha256:a8b2bc7bffae282281c8140a97d3aa9c14da0b136dfe83f850eea9a5f7470427"},
]

[package.dependencies]
six = ">=1.5"

[[package]]
name = "s3transfer"
version = "0.10.3"
description = "An Amazon S3 Transfer Manager"
optional = false
python-versions = ">=3.8"
files = [
    {file = "s3transfer-0.10.3-py3-none-any.whl", hash = "sha256:263ed587a5803c6c708d3ce44dc4dfedaab4c1a32e8329bab818933d79ddcf5d"},
    {file = "s3transfer-0.10.3.tar.gz", hash = "sha256:4f50ed74ab84d474ce614475e0b8d5047ff080810aac5d01ea25231cfc944b0c"},
]

[package.dependencies]
botocore = ">=1.33.2,<2.0a.0"

[package.extras]
crt = ["botocore[crt] (>=1.33.2,<2.0a.0)"]

[[package]]
name = "six"
version = "1.16.0"
description = "Python 2 and 3 compatibility utilities"
optional = false
python-versions = ">=2.7, !=3.0.*, !=3.1.*, !=3.2.*"
files = [
    {file = "six-1.16.0-py2.py3-none-any.whl", hash = "sha256:8abb2f1d86890a2dfb989f9a77cfcfd3e47c2a354b01111771326f8aa26e0254"},
    {file = "six-1.16.0.tar.gz", hash = "sha256:1e61c37477a1626458e36f7b1d82aa5c9b094fa4802892072e49de9c60c4c926"},
]

[[package]]
name = "sqlparse"
version = "0.5.1"
description = "A non-validating SQL parser."
optional = false
python-versions = ">=3.8"
files = [
    {file = "sqlparse-0.5.1-py3-none-any.whl", hash = "sha256:773dcbf9a5ab44a090f3441e2180efe2560220203dc2f8c0b0fa141e18b505e4"},
    {file = "sqlparse-0.5.1.tar.gz", hash = "sha256:bb6b4df465655ef332548e24f08e205afc81b9ab86cb1c45657a7ff173a3a00e"},
]

[package.extras]
dev = ["build", "hatch"]
doc = ["sphinx"]

[[package]]
name = "text-unidecode"
version = "1.3"
description = "The most basic Text::Unidecode port"
optional = false
python-versions = "*"
files = [
    {file = "text-unidecode-1.3.tar.gz", hash = "sha256:bad6603bb14d279193107714b288be206cac565dfa49aa5b105294dd5c4aab93"},
    {file = "text_unidecode-1.3-py2.py3-none-any.whl", hash = "sha256:1311f10e8b895935241623731c2ba64f4c455287888b18189350b67134a822e8"},
]

[[package]]
name = "typing-extensions"
version = "4.12.2"
description = "Backported and Experimental Type Hints for Python 3.8+"
optional = false
python-versions = ">=3.8"
files = [
    {file = "typing_extensions-4.12.2-py3-none-any.whl", hash = "sha256:04e5ca0351e0f3f85c6853954072df659d0d13fac324d0072316b67d7794700d"},
    {file = "typing_extensions-4.12.2.tar.gz", hash = "sha256:1a7ead55c7e559dd4dee8856e3a88b41225abfe1ce8df57b7c13915fe121ffb8"},
]

[[package]]
name = "tzdata"
version = "2024.2"
description = "Provider of IANA time zone data"
optional = false
python-versions = ">=2"
files = [
    {file = "tzdata-2024.2-py2.py3-none-any.whl", hash = "sha256:a48093786cdcde33cad18c2555e8532f34422074448fbc874186f0abd79565cd"},
    {file = "tzdata-2024.2.tar.gz", hash = "sha256:7d85cc416e9382e69095b7bdf4afd9e3880418a2413feec7069d533d6b4e31cc"},
]

[[package]]
name = "urllib3"
version = "2.2.3"
description = "HTTP library with thread-safe connection pooling, file post, and more."
optional = false
python-versions = ">=3.8"
files = [
    {file = "urllib3-2.2.3-py3-none-any.whl", hash = "sha256:ca899ca043dcb1bafa3e262d73aa25c465bfb49e0bd9dd5d59f1d0acba2f8fac"},
    {file = "urllib3-2.2.3.tar.gz", hash = "sha256:e7d814a81dad81e6caf2ec9fdedb284ecc9c73076b62654547cc64ccdcae26e9"},
]

[package.extras]
brotli = ["brotli (>=1.0.9)", "brotlicffi (>=0.8.0)"]
h2 = ["h2 (>=4,<5)"]
socks = ["pysocks (>=1.5.6,!=1.5.7,<2.0)"]
zstd = ["zstandard (>=0.18.0)"]

[metadata]
lock-version = "2.0"
python-versions = "^3.12"
content-hash = "16e3fa6a754f8fd72ee30a8a436063990740322a3c563d526f252d9c6f23e0e0"
